// !$*UTF8*$!
{
	archiveVersion = 1;
	classes = {
	};
	objectVersion = 50;
	objects = {

/* Begin PBXBuildFile section */
		C9B915E626E2B471006D8F92 /* CommentCell.swift in Sources */ = {isa = PBXBuildFile; fileRef = C9B915E526E2B471006D8F92 /* CommentCell.swift */; };
		C9B915E826E2B591006D8F92 /* Comment.swift in Sources */ = {isa = PBXBuildFile; fileRef = C9B915E726E2B591006D8F92 /* Comment.swift */; };
		C9B915EB26E2B979006D8F92 /* NetworkService.swift in Sources */ = {isa = PBXBuildFile; fileRef = C9B915EA26E2B979006D8F92 /* NetworkService.swift */; };
		C9B915EE26E2BB61006D8F92 /* CommentNetworkService.swift in Sources */ = {isa = PBXBuildFile; fileRef = C9B915ED26E2BB61006D8F92 /* CommentNetworkService.swift */; };
		C9B915F026E2BC05006D8F92 /* GetResponseComment.swift in Sources */ = {isa = PBXBuildFile; fileRef = C9B915EF26E2BC05006D8F92 /* GetResponseComment.swift */; };
		C9EB118426C1AC2C00F51D4D /* AppDelegate.swift in Sources */ = {isa = PBXBuildFile; fileRef = C9EB118326C1AC2C00F51D4D /* AppDelegate.swift */; };
		C9EB118626C1AC2C00F51D4D /* SceneDelegate.swift in Sources */ = {isa = PBXBuildFile; fileRef = C9EB118526C1AC2C00F51D4D /* SceneDelegate.swift */; };
		C9EB118826C1AC2C00F51D4D /* CommentsViewController.swift in Sources */ = {isa = PBXBuildFile; fileRef = C9EB118726C1AC2C00F51D4D /* CommentsViewController.swift */; };
		C9EB118B26C1AC2C00F51D4D /* Comments.storyboard in Resources */ = {isa = PBXBuildFile; fileRef = C9EB118926C1AC2C00F51D4D /* Comments.storyboard */; };
		C9EB118D26C1AC2E00F51D4D /* Assets.xcassets in Resources */ = {isa = PBXBuildFile; fileRef = C9EB118C26C1AC2E00F51D4D /* Assets.xcassets */; };
		C9EB119026C1AC2E00F51D4D /* LaunchScreen.storyboard in Resources */ = {isa = PBXBuildFile; fileRef = C9EB118E26C1AC2E00F51D4D /* LaunchScreen.storyboard */; };
/* End PBXBuildFile section */

/* Begin PBXFileReference section */
		C9B915E526E2B471006D8F92 /* CommentCell.swift */ = {isa = PBXFileReference; lastKnownFileType = sourcecode.swift; path = CommentCell.swift; sourceTree = "<group>"; };
		C9B915E726E2B591006D8F92 /* Comment.swift */ = {isa = PBXFileReference; lastKnownFileType = sourcecode.swift; path = Comment.swift; sourceTree = "<group>"; };
		C9B915EA26E2B979006D8F92 /* NetworkService.swift */ = {isa = PBXFileReference; lastKnownFileType = sourcecode.swift; path = NetworkService.swift; sourceTree = "<group>"; };
		C9B915ED26E2BB61006D8F92 /* CommentNetworkService.swift */ = {isa = PBXFileReference; lastKnownFileType = sourcecode.swift; path = CommentNetworkService.swift; sourceTree = "<group>"; };
		C9B915EF26E2BC05006D8F92 /* GetResponseComment.swift */ = {isa = PBXFileReference; lastKnownFileType = sourcecode.swift; path = GetResponseComment.swift; sourceTree = "<group>"; };
		C9EB118026C1AC2C00F51D4D /* MVC-architecture.app */ = {isa = PBXFileReference; explicitFileType = wrapper.application; includeInIndex = 0; path = "MVC-architecture.app"; sourceTree = BUILT_PRODUCTS_DIR; };
		C9EB118326C1AC2C00F51D4D /* AppDelegate.swift */ = {isa = PBXFileReference; lastKnownFileType = sourcecode.swift; path = AppDelegate.swift; sourceTree = "<group>"; };
		C9EB118526C1AC2C00F51D4D /* SceneDelegate.swift */ = {isa = PBXFileReference; lastKnownFileType = sourcecode.swift; path = SceneDelegate.swift; sourceTree = "<group>"; };
		C9EB118726C1AC2C00F51D4D /* CommentsViewController.swift */ = {isa = PBXFileReference; lastKnownFileType = sourcecode.swift; path = CommentsViewController.swift; sourceTree = "<group>"; };
		C9EB118A26C1AC2C00F51D4D /* Base */ = {isa = PBXFileReference; lastKnownFileType = file.storyboard; name = Base; path = Base.lproj/Comments.storyboard; sourceTree = "<group>"; };
		C9EB118C26C1AC2E00F51D4D /* Assets.xcassets */ = {isa = PBXFileReference; lastKnownFileType = folder.assetcatalog; path = Assets.xcassets; sourceTree = "<group>"; };
		C9EB118F26C1AC2E00F51D4D /* Base */ = {isa = PBXFileReference; lastKnownFileType = file.storyboard; name = Base; path = Base.lproj/LaunchScreen.storyboard; sourceTree = "<group>"; };
		C9EB119126C1AC2E00F51D4D /* Info.plist */ = {isa = PBXFileReference; lastKnownFileType = text.plist.xml; path = Info.plist; sourceTree = "<group>"; };
/* End PBXFileReference section */

/* Begin PBXFrameworksBuildPhase section */
		C9EB117D26C1AC2C00F51D4D /* Frameworks */ = {
			isa = PBXFrameworksBuildPhase;
			buildActionMask = 2147483647;
			files = (
			);
			runOnlyForDeploymentPostprocessing = 0;
		};
/* End PBXFrameworksBuildPhase section */

/* Begin PBXGroup section */
		C9B915E926E2B963006D8F92 /* Networking */ = {
			isa = PBXGroup;
			children = (
				C9B915EA26E2B979006D8F92 /* NetworkService.swift */,
			);
			path = Networking;
			sourceTree = "<group>";
		};
		C9B915EC26E2BB42006D8F92 /* CommentNetworkService */ = {
			isa = PBXGroup;
			children = (
				C9B915ED26E2BB61006D8F92 /* CommentNetworkService.swift */,
			);
			path = CommentNetworkService;
			sourceTree = "<group>";
		};
		C9EB117726C1AC2C00F51D4D = {
			isa = PBXGroup;
			children = (
				C9EB118226C1AC2C00F51D4D /* MVC-architecture */,
				C9EB118126C1AC2C00F51D4D /* Products */,
			);
			sourceTree = "<group>";
		};
		C9EB118126C1AC2C00F51D4D /* Products */ = {
			isa = PBXGroup;
			children = (
				C9EB118026C1AC2C00F51D4D /* MVC-architecture.app */,
			);
			name = Products;
			sourceTree = "<group>";
		};
		C9EB118226C1AC2C00F51D4D /* MVC-architecture */ = {
			isa = PBXGroup;
			children = (
				C9EB119A26C1B37F00F51D4D /* Application */,
				C9B915E926E2B963006D8F92 /* Networking */,
				C9EB119B26C1B3B900F51D4D /* Comments */,
				C9B915EC26E2BB42006D8F92 /* CommentNetworkService */,
				C9EB119F26C1B47400F51D4D /* Supporting files */,
			);
			path = "MVC-architecture";
			sourceTree = "<group>";
		};
		C9EB119726C1B29A00F51D4D /* Model */ = {
			isa = PBXGroup;
			children = (
			);
			path = Model;
			sourceTree = "<group>";
		};
		C9EB119826C1B2A300F51D4D /* View */ = {
			isa = PBXGroup;
			children = (
				C9EB118E26C1AC2E00F51D4D /* LaunchScreen.storyboard */,
			);
			path = View;
			sourceTree = "<group>";
		};
		C9EB119926C1B2AA00F51D4D /* Controller */ = {
			isa = PBXGroup;
			children = (
				C9EB118526C1AC2C00F51D4D /* SceneDelegate.swift */,
				C9EB118326C1AC2C00F51D4D /* AppDelegate.swift */,
			);
			path = Controller;
			sourceTree = "<group>";
		};
		C9EB119A26C1B37F00F51D4D /* Application */ = {
			isa = PBXGroup;
			children = (
				C9EB119726C1B29A00F51D4D /* Model */,
				C9EB119826C1B2A300F51D4D /* View */,
				C9EB119926C1B2AA00F51D4D /* Controller */,
			);
			path = Application;
			sourceTree = "<group>";
		};
		C9EB119B26C1B3B900F51D4D /* Comments */ = {
			isa = PBXGroup;
			children = (
				C9EB119E26C1B3EA00F51D4D /* Model */,
				C9EB119D26C1B3E200F51D4D /* View */,
				C9EB119C26C1B3CA00F51D4D /* Controller */,
			);
			path = Comments;
			sourceTree = "<group>";
		};
		C9EB119C26C1B3CA00F51D4D /* Controller */ = {
			isa = PBXGroup;
			children = (
				C9EB118726C1AC2C00F51D4D /* CommentsViewController.swift */,
			);
			path = Controller;
			sourceTree = "<group>";
		};
		C9EB119D26C1B3E200F51D4D /* View */ = {
			isa = PBXGroup;
			children = (
				C9EB118926C1AC2C00F51D4D /* Comments.storyboard */,
				C9B915E526E2B471006D8F92 /* CommentCell.swift */,
			);
			path = View;
			sourceTree = "<group>";
		};
		C9EB119E26C1B3EA00F51D4D /* Model */ = {
			isa = PBXGroup;
			children = (
				C9B915E726E2B591006D8F92 /* Comment.swift */,
				C9B915EF26E2BC05006D8F92 /* GetResponseComment.swift */,
			);
			path = Model;
			sourceTree = "<group>";
		};
		C9EB119F26C1B47400F51D4D /* Supporting files */ = {
			isa = PBXGroup;
			children = (
				C9EB118C26C1AC2E00F51D4D /* Assets.xcassets */,
				C9EB119126C1AC2E00F51D4D /* Info.plist */,
			);
			path = "Supporting files";
			sourceTree = "<group>";
		};
/* End PBXGroup section */

/* Begin PBXNativeTarget section */
		C9EB117F26C1AC2C00F51D4D /* MVC-architecture */ = {
			isa = PBXNativeTarget;
			buildConfigurationList = C9EB119426C1AC2E00F51D4D /* Build configuration list for PBXNativeTarget "MVC-architecture" */;
			buildPhases = (
				C9EB117C26C1AC2C00F51D4D /* Sources */,
				C9EB117D26C1AC2C00F51D4D /* Frameworks */,
				C9EB117E26C1AC2C00F51D4D /* Resources */,
			);
			buildRules = (
			);
			dependencies = (
			);
			name = "MVC-architecture";
			productName = "MVC-architecture";
			productReference = C9EB118026C1AC2C00F51D4D /* MVC-architecture.app */;
			productType = "com.apple.product-type.application";
		};
/* End PBXNativeTarget section */

/* Begin PBXProject section */
		C9EB117826C1AC2C00F51D4D /* Project object */ = {
			isa = PBXProject;
			attributes = {
				LastSwiftUpdateCheck = 1250;
				LastUpgradeCheck = 1250;
				TargetAttributes = {
					C9EB117F26C1AC2C00F51D4D = {
						CreatedOnToolsVersion = 12.5;
					};
				};
			};
			buildConfigurationList = C9EB117B26C1AC2C00F51D4D /* Build configuration list for PBXProject "MVC-architecture" */;
			compatibilityVersion = "Xcode 9.3";
			developmentRegion = en;
			hasScannedForEncodings = 0;
			knownRegions = (
				en,
				Base,
			);
			mainGroup = C9EB117726C1AC2C00F51D4D;
			productRefGroup = C9EB118126C1AC2C00F51D4D /* Products */;
			projectDirPath = "";
			projectRoot = "";
			targets = (
				C9EB117F26C1AC2C00F51D4D /* MVC-architecture */,
			);
		};
/* End PBXProject section */

/* Begin PBXResourcesBuildPhase section */
		C9EB117E26C1AC2C00F51D4D /* Resources */ = {
			isa = PBXResourcesBuildPhase;
			buildActionMask = 2147483647;
			files = (
				C9EB119026C1AC2E00F51D4D /* LaunchScreen.storyboard in Resources */,
				C9EB118D26C1AC2E00F51D4D /* Assets.xcassets in Resources */,
				C9EB118B26C1AC2C00F51D4D /* Comments.storyboard in Resources */,
			);
			runOnlyForDeploymentPostprocessing = 0;
		};
/* End PBXResourcesBuildPhase section */

/* Begin PBXSourcesBuildPhase section */
		C9EB117C26C1AC2C00F51D4D /* Sources */ = {
			isa = PBXSourcesBuildPhase;
			buildActionMask = 2147483647;
			files = (
				C9B915E826E2B591006D8F92 /* Comment.swift in Sources */,
				C9EB118826C1AC2C00F51D4D /* CommentsViewController.swift in Sources */,
				C9EB118426C1AC2C00F51D4D /* AppDelegate.swift in Sources */,
				C9EB118626C1AC2C00F51D4D /* SceneDelegate.swift in Sources */,
				C9B915EB26E2B979006D8F92 /* NetworkService.swift in Sources */,
				C9B915F026E2BC05006D8F92 /* GetResponseComment.swift in Sources */,
				C9B915E626E2B471006D8F92 /* CommentCell.swift in Sources */,
				C9B915EE26E2BB61006D8F92 /* CommentNetworkService.swift in Sources */,
			);
			runOnlyForDeploymentPostprocessing = 0;
		};
/* End PBXSourcesBuildPhase section */

/* Begin PBXVariantGroup section */
		C9EB118926C1AC2C00F51D4D /* Comments.storyboard */ = {
			isa = PBXVariantGroup;
			children = (
				C9EB118A26C1AC2C00F51D4D /* Base */,
			);
			name = Comments.storyboard;
			sourceTree = "<group>";
		};
		C9EB118E26C1AC2E00F51D4D /* LaunchScreen.storyboard */ = {
			isa = PBXVariantGroup;
			children = (
				C9EB118F26C1AC2E00F51D4D /* Base */,
			);
			name = LaunchScreen.storyboard;
			sourceTree = "<group>";
		};
/* End PBXVariantGroup section */

/* Begin XCBuildConfiguration section */
		C9EB119226C1AC2E00F51D4D /* Debug */ = {
			isa = XCBuildConfiguration;
			buildSettings = {
				ALWAYS_SEARCH_USER_PATHS = NO;
				CLANG_ANALYZER_NONNULL = YES;
				CLANG_ANALYZER_NUMBER_OBJECT_CONVERSION = YES_AGGRESSIVE;
				CLANG_CXX_LANGUAGE_STANDARD = "gnu++14";
				CLANG_CXX_LIBRARY = "libc++";
				CLANG_ENABLE_MODULES = YES;
				CLANG_ENABLE_OBJC_ARC = YES;
				CLANG_ENABLE_OBJC_WEAK = YES;
				CLANG_WARN_BLOCK_CAPTURE_AUTORELEASING = YES;
				CLANG_WARN_BOOL_CONVERSION = YES;
				CLANG_WARN_COMMA = YES;
				CLANG_WARN_CONSTANT_CONVERSION = YES;
				CLANG_WARN_DEPRECATED_OBJC_IMPLEMENTATIONS = YES;
				CLANG_WARN_DIRECT_OBJC_ISA_USAGE = YES_ERROR;
				CLANG_WARN_DOCUMENTATION_COMMENTS = YES;
				CLANG_WARN_EMPTY_BODY = YES;
				CLANG_WARN_ENUM_CONVERSION = YES;
				CLANG_WARN_INFINITE_RECURSION = YES;
				CLANG_WARN_INT_CONVERSION = YES;
				CLANG_WARN_NON_LITERAL_NULL_CONVERSION = YES;
				CLANG_WARN_OBJC_IMPLICIT_RETAIN_SELF = YES;
				CLANG_WARN_OBJC_LITERAL_CONVERSION = YES;
				CLANG_WARN_OBJC_ROOT_CLASS = YES_ERROR;
				CLANG_WARN_QUOTED_INCLUDE_IN_FRAMEWORK_HEADER = YES;
				CLANG_WARN_RANGE_LOOP_ANALYSIS = YES;
				CLANG_WARN_STRICT_PROTOTYPES = YES;
				CLANG_WARN_SUSPICIOUS_MOVE = YES;
				CLANG_WARN_UNGUARDED_AVAILABILITY = YES_AGGRESSIVE;
				CLANG_WARN_UNREACHABLE_CODE = YES;
				CLANG_WARN__DUPLICATE_METHOD_MATCH = YES;
				COPY_PHASE_STRIP = NO;
				DEBUG_INFORMATION_FORMAT = dwarf;
				ENABLE_STRICT_OBJC_MSGSEND = YES;
				ENABLE_TESTABILITY = YES;
				GCC_C_LANGUAGE_STANDARD = gnu11;
				GCC_DYNAMIC_NO_PIC = NO;
				GCC_NO_COMMON_BLOCKS = YES;
				GCC_OPTIMIZATION_LEVEL = 0;
				GCC_PREPROCESSOR_DEFINITIONS = (
					"DEBUG=1",
					"$(inherited)",
				);
				GCC_WARN_64_TO_32_BIT_CONVERSION = YES;
				GCC_WARN_ABOUT_RETURN_TYPE = YES_ERROR;
				GCC_WARN_UNDECLARED_SELECTOR = YES;
				GCC_WARN_UNINITIALIZED_AUTOS = YES_AGGRESSIVE;
				GCC_WARN_UNUSED_FUNCTION = YES;
				GCC_WARN_UNUSED_VARIABLE = YES;
				IPHONEOS_DEPLOYMENT_TARGET = 14.5;
				MTL_ENABLE_DEBUG_INFO = INCLUDE_SOURCE;
				MTL_FAST_MATH = YES;
				ONLY_ACTIVE_ARCH = YES;
				SDKROOT = iphoneos;
				SWIFT_ACTIVE_COMPILATION_CONDITIONS = DEBUG;
				SWIFT_OPTIMIZATION_LEVEL = "-Onone";
			};
			name = Debug;
		};
		C9EB119326C1AC2E00F51D4D /* Release */ = {
			isa = XCBuildConfiguration;
			buildSettings = {
				ALWAYS_SEARCH_USER_PATHS = NO;
				CLANG_ANALYZER_NONNULL = YES;
				CLANG_ANALYZER_NUMBER_OBJECT_CONVERSION = YES_AGGRESSIVE;
				CLANG_CXX_LANGUAGE_STANDARD = "gnu++14";
				CLANG_CXX_LIBRARY = "libc++";
				CLANG_ENABLE_MODULES = YES;
				CLANG_ENABLE_OBJC_ARC = YES;
				CLANG_ENABLE_OBJC_WEAK = YES;
				CLANG_WARN_BLOCK_CAPTURE_AUTORELEASING = YES;
				CLANG_WARN_BOOL_CONVERSION = YES;
				CLANG_WARN_COMMA = YES;
				CLANG_WARN_CONSTANT_CONVERSION = YES;
				CLANG_WARN_DEPRECATED_OBJC_IMPLEMENTATIONS = YES;
				CLANG_WARN_DIRECT_OBJC_ISA_USAGE = YES_ERROR;
				CLANG_WARN_DOCUMENTATION_COMMENTS = YES;
				CLANG_WARN_EMPTY_BODY = YES;
				CLANG_WARN_ENUM_CONVERSION = YES;
				CLANG_WARN_INFINITE_RECURSION = YES;
				CLANG_WARN_INT_CONVERSION = YES;
				CLANG_WARN_NON_LITERAL_NULL_CONVERSION = YES;
				CLANG_WARN_OBJC_IMPLICIT_RETAIN_SELF = YES;
				CLANG_WARN_OBJC_LITERAL_CONVERSION = YES;
				CLANG_WARN_OBJC_ROOT_CLASS = YES_ERROR;
				CLANG_WARN_QUOTED_INCLUDE_IN_FRAMEWORK_HEADER = YES;
				CLANG_WARN_RANGE_LOOP_ANALYSIS = YES;
				CLANG_WARN_STRICT_PROTOTYPES = YES;
				CLANG_WARN_SUSPICIOUS_MOVE = YES;
				CLANG_WARN_UNGUARDED_AVAILABILITY = YES_AGGRESSIVE;
				CLANG_WARN_UNREACHABLE_CODE = YES;
				CLANG_WARN__DUPLICATE_METHOD_MATCH = YES;
				COPY_PHASE_STRIP = NO;
				DEBUG_INFORMATION_FORMAT = "dwarf-with-dsym";
				ENABLE_NS_ASSERTIONS = NO;
				ENABLE_STRICT_OBJC_MSGSEND = YES;
				GCC_C_LANGUAGE_STANDARD = gnu11;
				GCC_NO_COMMON_BLOCKS = YES;
				GCC_WARN_64_TO_32_BIT_CONVERSION = YES;
				GCC_WARN_ABOUT_RETURN_TYPE = YES_ERROR;
				GCC_WARN_UNDECLARED_SELECTOR = YES;
				GCC_WARN_UNINITIALIZED_AUTOS = YES_AGGRESSIVE;
				GCC_WARN_UNUSED_FUNCTION = YES;
				GCC_WARN_UNUSED_VARIABLE = YES;
				IPHONEOS_DEPLOYMENT_TARGET = 14.5;
				MTL_ENABLE_DEBUG_INFO = NO;
				MTL_FAST_MATH = YES;
				SDKROOT = iphoneos;
				SWIFT_COMPILATION_MODE = wholemodule;
				SWIFT_OPTIMIZATION_LEVEL = "-O";
				VALIDATE_PRODUCT = YES;
			};
			name = Release;
		};
		C9EB119526C1AC2E00F51D4D /* Debug */ = {
			isa = XCBuildConfiguration;
			buildSettings = {
				ASSETCATALOG_COMPILER_APPICON_NAME = AppIcon;
				ASSETCATALOG_COMPILER_GLOBAL_ACCENT_COLOR_NAME = AccentColor;
				CODE_SIGN_STYLE = Automatic;
				DEVELOPMENT_TEAM = NXHNMN6U6U;
				INFOPLIST_FILE = "";
				"INFOPLIST_FILE[sdk=*]" = "MVC-architecture/Supporting files/Info.plist";
				LD_RUNPATH_SEARCH_PATHS = (
					"$(inherited)",
					"@executable_path/Frameworks",
				);
				PRODUCT_BUNDLE_IDENTIFIER = "Andrey-Kim.MVC-architecture";
				PRODUCT_NAME = "$(TARGET_NAME)";
				SWIFT_VERSION = 5.0;
				TARGETED_DEVICE_FAMILY = "1,2";
			};
			name = Debug;
		};
		C9EB119626C1AC2E00F51D4D /* Release */ = {
			isa = XCBuildConfiguration;
			buildSettings = {
				ASSETCATALOG_COMPILER_APPICON_NAME = AppIcon;
				ASSETCATALOG_COMPILER_GLOBAL_ACCENT_COLOR_NAME = AccentColor;
				CODE_SIGN_STYLE = Automatic;
				DEVELOPMENT_TEAM = NXHNMN6U6U;
				INFOPLIST_FILE = "";
				"INFOPLIST_FILE[sdk=*]" = "MVC-architecture/Supporting files/Info.plist";
				LD_RUNPATH_SEARCH_PATHS = (
					"$(inherited)",
					"@executable_path/Frameworks",
				);
				PRODUCT_BUNDLE_IDENTIFIER = "Andrey-Kim.MVC-architecture";
				PRODUCT_NAME = "$(TARGET_NAME)";
				SWIFT_VERSION = 5.0;
				TARGETED_DEVICE_FAMILY = "1,2";
			};
			name = Release;
		};
/* End XCBuildConfiguration section */

/* Begin XCConfigurationList section */
		C9EB117B26C1AC2C00F51D4D /* Build configuration list for PBXProject "MVC-architecture" */ = {
			isa = XCConfigurationList;
			buildConfigurations = (
				C9EB119226C1AC2E00F51D4D /* Debug */,
				C9EB119326C1AC2E00F51D4D /* Release */,
			);
			defaultConfigurationIsVisible = 0;
			defaultConfigurationName = Release;
		};
		C9EB119426C1AC2E00F51D4D /* Build configuration list for PBXNativeTarget "MVC-architecture" */ = {
			isa = XCConfigurationList;
			buildConfigurations = (
				C9EB119526C1AC2E00F51D4D /* Debug */,
				C9EB119626C1AC2E00F51D4D /* Release */,
			);
			defaultConfigurationIsVisible = 0;
			defaultConfigurationName = Release;
		};
/* End XCConfigurationList section */
	};
	rootObject = C9EB117826C1AC2C00F51D4D /* Project object */;
}
